
Microsoft Visual Studio Solution File, Format Version 12.00
# Visual Studio Version 16
VisualStudioVersion = 16.0.32802.440
MinimumVisualStudioVersion = 10.0.40219.1
Project("{FAE04EC0-301F-11D3-BF4B-00C04F79EFBC}") = "PrestonClub", "PrestonClub\PrestonClub.csproj", "{5E945860-6A0F-4210-AF8F-BBEE06A9037A}"
EndProject
Global
	GlobalSection(SolutionConfigurationPlatforms) = preSolution
		Debug|Any CPU = Debug|Any CPU
		Release|Any CPU = Release|Any CPU
	EndGlobalSection
	GlobalSection(ProjectConfigurationPlatforms) = postSolution
		{5E945860-6A0F-4210-AF8F-BBEE06A9037A}.Debug|Any CPU.ActiveCfg = Debug|Any CPU
		{5E945860-6A0F-4210-AF8F-BBEE06A9037A}.Debug|Any CPU.Build.0 = Debug|Any CPU
		{5E945860-6A0F-4210-AF8F-BBEE06A9037A}.Release|Any CPU.ActiveCfg = Release|Any CPU
		{5E945860-6A0F-4210-AF8F-BBEE06A9037A}.Release|Any CPU.Build.0 = Release|Any CPU
	EndGlobalSection
	GlobalSection(SolutionProperties) = preSolution
		HideSolutionNode = FALSE
	EndGlobalSection
	GlobalSection(ExtensibilityGlobals) = postSolution
		SolutionGuid = {F63A9B52-38C2-46B4-B9C6-F2AE789EF69E}
	EndGlobalSection
EndGlobal
